
Microsoft Visual Studio Solution File, Format Version 12.00
# Visual Studio 15
VisualStudioVersion = 15.0.26403.7
MinimumVisualStudioVersion = 10.0.40219.1
Project("{FAE04EC0-301F-11D3-BF4B-00C04F79EFBC}") = "MathSample_HW1", "MathSample_HW1\MathSample_HW1.csproj", "{BB537308-6312-4A20-92A8-347C9458C5DD}"
EndProject
Project("{FAE04EC0-301F-11D3-BF4B-00C04F79EFBC}") = "MathLibrary", "MathLibrary\MathLibrary.csproj", "{F7F4F74D-986C-4355-B136-F6C44FFD7492}"
EndProject
Project("{FAE04EC0-301F-11D3-BF4B-00C04F79EFBC}") = "MathLibrary.Test", "MathLibrary.Test\MathLibrary.Test.csproj", "{CCF37247-6A09-4A61-A02F-C071A3DD459C}"
EndProject
Global
	GlobalSection(SolutionConfigurationPlatforms) = preSolution
		Debug|Any CPU = Debug|Any CPU
		Release|Any CPU = Release|Any CPU
	EndGlobalSection
	GlobalSection(ProjectConfigurationPlatforms) = postSolution
		{BB537308-6312-4A20-92A8-347C9458C5DD}.Debug|Any CPU.ActiveCfg = Debug|Any CPU
		{BB537308-6312-4A20-92A8-347C9458C5DD}.Debug|Any CPU.Build.0 = Debug|Any CPU
		{BB537308-6312-4A20-92A8-347C9458C5DD}.Release|Any CPU.ActiveCfg = Release|Any CPU
		{BB537308-6312-4A20-92A8-347C9458C5DD}.Release|Any CPU.Build.0 = Release|Any CPU
		{F7F4F74D-986C-4355-B136-F6C44FFD7492}.Debug|Any CPU.ActiveCfg = Debug|Any CPU
		{F7F4F74D-986C-4355-B136-F6C44FFD7492}.Debug|Any CPU.Build.0 = Debug|Any CPU
		{F7F4F74D-986C-4355-B136-F6C44FFD7492}.Release|Any CPU.ActiveCfg = Release|Any CPU
		{F7F4F74D-986C-4355-B136-F6C44FFD7492}.Release|Any CPU.Build.0 = Release|Any CPU
		{CCF37247-6A09-4A61-A02F-C071A3DD459C}.Debug|Any CPU.ActiveCfg = Debug|Any CPU
		{CCF37247-6A09-4A61-A02F-C071A3DD459C}.Debug|Any CPU.Build.0 = Debug|Any CPU
		{CCF37247-6A09-4A61-A02F-C071A3DD459C}.Release|Any CPU.ActiveCfg = Release|Any CPU
		{CCF37247-6A09-4A61-A02F-C071A3DD459C}.Release|Any CPU.Build.0 = Release|Any CPU
	EndGlobalSection
	GlobalSection(SolutionProperties) = preSolution
		HideSolutionNode = FALSE
	EndGlobalSection
EndGlobal
